// !$*UTF8*$!
{
	archiveVersion = 1;
	classes = {
	};
	objectVersion = 56;
	objects = {

/* Begin PBXBuildFile section */
		CC24E33C2B68589000F277FD /* RevenueCat in Frameworks */ = {isa = PBXBuildFile; productRef = CC24E33B2B68589000F277FD /* RevenueCat */; };
		CC24E33E2B68589000F277FD /* RevenueCatUI in Frameworks */ = {isa = PBXBuildFile; productRef = CC24E33D2B68589000F277FD /* RevenueCatUI */; };
		CC309B7E2B6293A100AAFAE6 /* PomodoroappdataApp.swift in Sources */ = {isa = PBXBuildFile; fileRef = CC309B7D2B6293A100AAFAE6 /* PomodoroappdataApp.swift */; };
		CC309B822B6293A300AAFAE6 /* Assets.xcassets in Resources */ = {isa = PBXBuildFile; fileRef = CC309B812B6293A300AAFAE6 /* Assets.xcassets */; };
		CC309B852B6293A300AAFAE6 /* Preview Assets.xcassets in Resources */ = {isa = PBXBuildFile; fileRef = CC309B842B6293A300AAFAE6 /* Preview Assets.xcassets */; };
		CC605F522C29D68E00B470B8 /* TimerView.swift in Sources */ = {isa = PBXBuildFile; fileRef = CC605F512C29D68E00B470B8 /* TimerView.swift */; };
		CC770D502C274AC200AC6390 /* ContentView.swift in Sources */ = {isa = PBXBuildFile; fileRef = CC770D4F2C274AC200AC6390 /* ContentView.swift */; };
		CC770D552C27532100AC6390 /* Graph.swift in Sources */ = {isa = PBXBuildFile; fileRef = CC770D542C27532100AC6390 /* Graph.swift */; };
		CCA78E542C2AD1AB00E37DCC /* UserViewModel.swift in Sources */ = {isa = PBXBuildFile; fileRef = CCA78E532C2AD1AB00E37DCC /* UserViewModel.swift */; };
		CCA78E562C2AD35400E37DCC /* SettingsView.swift in Sources */ = {isa = PBXBuildFile; fileRef = CCA78E552C2AD35400E37DCC /* SettingsView.swift */; };
		CCB61ED32C2B089A00745859 /* OnboardingView.swift in Sources */ = {isa = PBXBuildFile; fileRef = CCB61ED22C2B089A00745859 /* OnboardingView.swift */; };
/* End PBXBuildFile section */

/* Begin PBXCopyFilesBuildPhase section */
		CC605F6B2C29EC4400B470B8 /* Embed Foundation Extensions */ = {
			isa = PBXCopyFilesBuildPhase;
			buildActionMask = 2147483647;
			dstPath = "";
			dstSubfolderSpec = 13;
			files = (
			);
			name = "Embed Foundation Extensions";
			runOnlyForDeploymentPostprocessing = 0;
		};
/* End PBXCopyFilesBuildPhase section */

/* Begin PBXFileReference section */
		CC309B7A2B6293A100AAFAE6 /* Pomodoroappdata.app */ = {isa = PBXFileReference; explicitFileType = wrapper.application; includeInIndex = 0; path = Pomodoroappdata.app; sourceTree = BUILT_PRODUCTS_DIR; };
		CC309B7D2B6293A100AAFAE6 /* PomodoroappdataApp.swift */ = {isa = PBXFileReference; lastKnownFileType = sourcecode.swift; path = PomodoroappdataApp.swift; sourceTree = "<group>"; };
		CC309B812B6293A300AAFAE6 /* Assets.xcassets */ = {isa = PBXFileReference; lastKnownFileType = folder.assetcatalog; path = Assets.xcassets; sourceTree = "<group>"; };
		CC309B842B6293A300AAFAE6 /* Preview Assets.xcassets */ = {isa = PBXFileReference; lastKnownFileType = folder.assetcatalog; path = "Preview Assets.xcassets"; sourceTree = "<group>"; };
		CC605F512C29D68E00B470B8 /* TimerView.swift */ = {isa = PBXFileReference; lastKnownFileType = sourcecode.swift; path = TimerView.swift; sourceTree = "<group>"; };
		CC605F5B2C29EC4200B470B8 /* SwiftUI.framework */ = {isa = PBXFileReference; lastKnownFileType = wrapper.framework; name = SwiftUI.framework; path = System/Library/Frameworks/SwiftUI.framework; sourceTree = SDKROOT; };
		CC770D4F2C274AC200AC6390 /* ContentView.swift */ = {isa = PBXFileReference; lastKnownFileType = sourcecode.swift; path = ContentView.swift; sourceTree = "<group>"; };
		CC770D532C2751B200AC6390 /* Pomodoroappdata.entitlements */ = {isa = PBXFileReference; lastKnownFileType = text.plist.entitlements; path = Pomodoroappdata.entitlements; sourceTree = "<group>"; };
		CC770D542C27532100AC6390 /* Graph.swift */ = {isa = PBXFileReference; lastKnownFileType = sourcecode.swift; path = Graph.swift; sourceTree = "<group>"; };
		CCA78E532C2AD1AB00E37DCC /* UserViewModel.swift */ = {isa = PBXFileReference; lastKnownFileType = sourcecode.swift; path = UserViewModel.swift; sourceTree = "<group>"; };
		CCA78E552C2AD35400E37DCC /* SettingsView.swift */ = {isa = PBXFileReference; lastKnownFileType = sourcecode.swift; path = SettingsView.swift; sourceTree = "<group>"; };
		CCB61ED22C2B089A00745859 /* OnboardingView.swift */ = {isa = PBXFileReference; lastKnownFileType = sourcecode.swift; path = OnboardingView.swift; sourceTree = "<group>"; };
/* End PBXFileReference section */

/* Begin PBXFrameworksBuildPhase section */
		CC309B772B6293A100AAFAE6 /* Frameworks */ = {
			isa = PBXFrameworksBuildPhase;
			buildActionMask = 2147483647;
			files = (
				CC24E33C2B68589000F277FD /* RevenueCat in Frameworks */,
				CC24E33E2B68589000F277FD /* RevenueCatUI in Frameworks */,
			);
			runOnlyForDeploymentPostprocessing = 0;
		};
/* End PBXFrameworksBuildPhase section */

/* Begin PBXGroup section */
		CC309B712B6293A100AAFAE6 = {
			isa = PBXGroup;
			children = (
				CC309B7C2B6293A100AAFAE6 /* Pomodoroappdata */,
				CC605F582C29EC4200B470B8 /* Frameworks */,
				CC309B7B2B6293A100AAFAE6 /* Products */,
			);
			sourceTree = "<group>";
		};
		CC309B7B2B6293A100AAFAE6 /* Products */ = {
			isa = PBXGroup;
			children = (
				CC309B7A2B6293A100AAFAE6 /* Pomodoroappdata.app */,
			);
			name = Products;
			sourceTree = "<group>";
		};
		CC309B7C2B6293A100AAFAE6 /* Pomodoroappdata */ = {
			isa = PBXGroup;
			children = (
				CCA78E522C2AD19900E37DCC /* ViewModels */,
				CC605F502C29D67F00B470B8 /* Views */,
				CC770D532C2751B200AC6390 /* Pomodoroappdata.entitlements */,
				CC309B7D2B6293A100AAFAE6 /* PomodoroappdataApp.swift */,
				CC309B812B6293A300AAFAE6 /* Assets.xcassets */,
				CC309B832B6293A300AAFAE6 /* Preview Content */,
				CC770D4F2C274AC200AC6390 /* ContentView.swift */,
				CC770D542C27532100AC6390 /* Graph.swift */,
				CCB61ED22C2B089A00745859 /* OnboardingView.swift */,
			);
			path = Pomodoroappdata;
			sourceTree = "<group>";
		};
		CC309B832B6293A300AAFAE6 /* Preview Content */ = {
			isa = PBXGroup;
			children = (
				CC309B842B6293A300AAFAE6 /* Preview Assets.xcassets */,
			);
			path = "Preview Content";
			sourceTree = "<group>";
		};
		CC605F502C29D67F00B470B8 /* Views */ = {
			isa = PBXGroup;
			children = (
				CC605F512C29D68E00B470B8 /* TimerView.swift */,
				CCA78E552C2AD35400E37DCC /* SettingsView.swift */,
			);
			path = Views;
			sourceTree = "<group>";
		};
		CC605F582C29EC4200B470B8 /* Frameworks */ = {
			isa = PBXGroup;
			children = (
				CC605F5B2C29EC4200B470B8 /* SwiftUI.framework */,
			);
			name = Frameworks;
			sourceTree = "<group>";
		};
		CCA78E522C2AD19900E37DCC /* ViewModels */ = {
			isa = PBXGroup;
			children = (
				CCA78E532C2AD1AB00E37DCC /* UserViewModel.swift */,
			);
			path = ViewModels;
			sourceTree = "<group>";
		};
/* End PBXGroup section */

/* Begin PBXNativeTarget section */
		CC309B792B6293A100AAFAE6 /* Pomodoroappdata */ = {
			isa = PBXNativeTarget;
			buildConfigurationList = CC309B882B6293A300AAFAE6 /* Build configuration list for PBXNativeTarget "Pomodoroappdata" */;
			buildPhases = (
				CC309B762B6293A100AAFAE6 /* Sources */,
				CC309B772B6293A100AAFAE6 /* Frameworks */,
				CC309B782B6293A100AAFAE6 /* Resources */,
				CC605F6B2C29EC4400B470B8 /* Embed Foundation Extensions */,
			);
			buildRules = (
			);
			dependencies = (
			);
			name = Pomodoroappdata;
			packageProductDependencies = (
				CC24E33B2B68589000F277FD /* RevenueCat */,
				CC24E33D2B68589000F277FD /* RevenueCatUI */,
			);
			productName = Pomodoroappdata;
			productReference = CC309B7A2B6293A100AAFAE6 /* Pomodoroappdata.app */;
			productType = "com.apple.product-type.application";
		};
/* End PBXNativeTarget section */

/* Begin PBXProject section */
		CC309B722B6293A100AAFAE6 /* Project object */ = {
			isa = PBXProject;
			attributes = {
				BuildIndependentTargetsInParallel = 1;
				LastSwiftUpdateCheck = 1540;
				LastUpgradeCheck = 1520;
				TargetAttributes = {
					CC309B792B6293A100AAFAE6 = {
						CreatedOnToolsVersion = 15.2;
					};
				};
			};
			buildConfigurationList = CC309B752B6293A100AAFAE6 /* Build configuration list for PBXProject "Pomodoroappdata" */;
			compatibilityVersion = "Xcode 14.0";
			developmentRegion = en;
			hasScannedForEncodings = 0;
			knownRegions = (
				en,
				Base,
			);
			mainGroup = CC309B712B6293A100AAFAE6;
			packageReferences = (
				CC24E33A2B68589000F277FD /* XCRemoteSwiftPackageReference "purchases-ios" */,
			);
			productRefGroup = CC309B7B2B6293A100AAFAE6 /* Products */;
			projectDirPath = "";
			projectRoot = "";
			targets = (
				CC309B792B6293A100AAFAE6 /* Pomodoroappdata */,
			);
		};
/* End PBXProject section */

/* Begin PBXResourcesBuildPhase section */
		CC309B782B6293A100AAFAE6 /* Resources */ = {
			isa = PBXResourcesBuildPhase;
			buildActionMask = 2147483647;
			files = (
				CC309B852B6293A300AAFAE6 /* Preview Assets.xcassets in Resources */,
				CC309B822B6293A300AAFAE6 /* Assets.xcassets in Resources */,
			);
			runOnlyForDeploymentPostprocessing = 0;
		};
/* End PBXResourcesBuildPhase section */

/* Begin PBXSourcesBuildPhase section */
		CC309B762B6293A100AAFAE6 /* Sources */ = {
			isa = PBXSourcesBuildPhase;
			buildActionMask = 2147483647;
			files = (
				CC770D552C27532100AC6390 /* Graph.swift in Sources */,
				CC770D502C274AC200AC6390 /* ContentView.swift in Sources */,
				CC605F522C29D68E00B470B8 /* TimerView.swift in Sources */,
				CCA78E562C2AD35400E37DCC /* SettingsView.swift in Sources */,
				CCA78E542C2AD1AB00E37DCC /* UserViewModel.swift in Sources */,
				CC309B7E2B6293A100AAFAE6 /* PomodoroappdataApp.swift in Sources */,
				CCB61ED32C2B089A00745859 /* OnboardingView.swift in Sources */,
			);
			runOnlyForDeploymentPostprocessing = 0;
		};
/* End PBXSourcesBuildPhase section */

/* Begin XCBuildConfiguration section */
		CC309B862B6293A300AAFAE6 /* Debug */ = {
			isa = XCBuildConfiguration;
			buildSettings = {
				ALWAYS_SEARCH_USER_PATHS = NO;
				ASSETCATALOG_COMPILER_GENERATE_SWIFT_ASSET_SYMBOL_EXTENSIONS = YES;
				CLANG_ANALYZER_NONNULL = YES;
				CLANG_ANALYZER_NUMBER_OBJECT_CONVERSION = YES_AGGRESSIVE;
				CLANG_CXX_LANGUAGE_STANDARD = "gnu++20";
				CLANG_ENABLE_MODULES = YES;
				CLANG_ENABLE_OBJC_ARC = YES;
				CLANG_ENABLE_OBJC_WEAK = YES;
				CLANG_WARN_BLOCK_CAPTURE_AUTORELEASING = YES;
				CLANG_WARN_BOOL_CONVERSION = YES;
				CLANG_WARN_COMMA = YES;
				CLANG_WARN_CONSTANT_CONVERSION = YES;
				CLANG_WARN_DEPRECATED_OBJC_IMPLEMENTATIONS = YES;
				CLANG_WARN_DIRECT_OBJC_ISA_USAGE = YES_ERROR;
				CLANG_WARN_DOCUMENTATION_COMMENTS = YES;
				CLANG_WARN_EMPTY_BODY = YES;
				CLANG_WARN_ENUM_CONVERSION = YES;
				CLANG_WARN_INFINITE_RECURSION = YES;
				CLANG_WARN_INT_CONVERSION = YES;
				CLANG_WARN_NON_LITERAL_NULL_CONVERSION = YES;
				CLANG_WARN_OBJC_IMPLICIT_RETAIN_SELF = YES;
				CLANG_WARN_OBJC_LITERAL_CONVERSION = YES;
				CLANG_WARN_OBJC_ROOT_CLASS = YES_ERROR;
				CLANG_WARN_QUOTED_INCLUDE_IN_FRAMEWORK_HEADER = YES;
				CLANG_WARN_RANGE_LOOP_ANALYSIS = YES;
				CLANG_WARN_STRICT_PROTOTYPES = YES;
				CLANG_WARN_SUSPICIOUS_MOVE = YES;
				CLANG_WARN_UNGUARDED_AVAILABILITY = YES_AGGRESSIVE;
				CLANG_WARN_UNREACHABLE_CODE = YES;
				CLANG_WARN__DUPLICATE_METHOD_MATCH = YES;
				COPY_PHASE_STRIP = NO;
				DEBUG_INFORMATION_FORMAT = dwarf;
				ENABLE_STRICT_OBJC_MSGSEND = YES;
				ENABLE_TESTABILITY = YES;
				ENABLE_USER_SCRIPT_SANDBOXING = YES;
				GCC_C_LANGUAGE_STANDARD = gnu17;
				GCC_DYNAMIC_NO_PIC = NO;
				GCC_NO_COMMON_BLOCKS = YES;
				GCC_OPTIMIZATION_LEVEL = 0;
				GCC_PREPROCESSOR_DEFINITIONS = (
					"DEBUG=1",
					"$(inherited)",
				);
				GCC_WARN_64_TO_32_BIT_CONVERSION = YES;
				GCC_WARN_ABOUT_RETURN_TYPE = YES_ERROR;
				GCC_WARN_UNDECLARED_SELECTOR = YES;
				GCC_WARN_UNINITIALIZED_AUTOS = YES_AGGRESSIVE;
				GCC_WARN_UNUSED_FUNCTION = YES;
				GCC_WARN_UNUSED_VARIABLE = YES;
				IPHONEOS_DEPLOYMENT_TARGET = 17.2;
				LOCALIZATION_PREFERS_STRING_CATALOGS = YES;
				MTL_ENABLE_DEBUG_INFO = INCLUDE_SOURCE;
				MTL_FAST_MATH = YES;
				ONLY_ACTIVE_ARCH = YES;
				SDKROOT = iphoneos;
				SWIFT_ACTIVE_COMPILATION_CONDITIONS = "DEBUG $(inherited)";
				SWIFT_OPTIMIZATION_LEVEL = "-Onone";
			};
			name = Debug;
		};
		CC309B872B6293A300AAFAE6 /* Release */ = {
			isa = XCBuildConfiguration;
			buildSettings = {
				ALWAYS_SEARCH_USER_PATHS = NO;
				ASSETCATALOG_COMPILER_GENERATE_SWIFT_ASSET_SYMBOL_EXTENSIONS = YES;
				CLANG_ANALYZER_NONNULL = YES;
				CLANG_ANALYZER_NUMBER_OBJECT_CONVERSION = YES_AGGRESSIVE;
				CLANG_CXX_LANGUAGE_STANDARD = "gnu++20";
				CLANG_ENABLE_MODULES = YES;
				CLANG_ENABLE_OBJC_ARC = YES;
				CLANG_ENABLE_OBJC_WEAK = YES;
				CLANG_WARN_BLOCK_CAPTURE_AUTORELEASING = YES;
				CLANG_WARN_BOOL_CONVERSION = YES;
				CLANG_WARN_COMMA = YES;
				CLANG_WARN_CONSTANT_CONVERSION = YES;
				CLANG_WARN_DEPRECATED_OBJC_IMPLEMENTATIONS = YES;
				CLANG_WARN_DIRECT_OBJC_ISA_USAGE = YES_ERROR;
				CLANG_WARN_DOCUMENTATION_COMMENTS = YES;
				CLANG_WARN_EMPTY_BODY = YES;
				CLANG_WARN_ENUM_CONVERSION = YES;
				CLANG_WARN_INFINITE_RECURSION = YES;
				CLANG_WARN_INT_CONVERSION = YES;
				CLANG_WARN_NON_LITERAL_NULL_CONVERSION = YES;
				CLANG_WARN_OBJC_IMPLICIT_RETAIN_SELF = YES;
				CLANG_WARN_OBJC_LITERAL_CONVERSION = YES;
				CLANG_WARN_OBJC_ROOT_CLASS = YES_ERROR;
				CLANG_WARN_QUOTED_INCLUDE_IN_FRAMEWORK_HEADER = YES;
				CLANG_WARN_RANGE_LOOP_ANALYSIS = YES;
				CLANG_WARN_STRICT_PROTOTYPES = YES;
				CLANG_WARN_SUSPICIOUS_MOVE = YES;
				CLANG_WARN_UNGUARDED_AVAILABILITY = YES_AGGRESSIVE;
				CLANG_WARN_UNREACHABLE_CODE = YES;
				CLANG_WARN__DUPLICATE_METHOD_MATCH = YES;
				COPY_PHASE_STRIP = NO;
				DEBUG_INFORMATION_FORMAT = "dwarf-with-dsym";
				ENABLE_NS_ASSERTIONS = NO;
				ENABLE_STRICT_OBJC_MSGSEND = YES;
				ENABLE_USER_SCRIPT_SANDBOXING = YES;
				GCC_C_LANGUAGE_STANDARD = gnu17;
				GCC_NO_COMMON_BLOCKS = YES;
				GCC_WARN_64_TO_32_BIT_CONVERSION = YES;
				GCC_WARN_ABOUT_RETURN_TYPE = YES_ERROR;
				GCC_WARN_UNDECLARED_SELECTOR = YES;
				GCC_WARN_UNINITIALIZED_AUTOS = YES_AGGRESSIVE;
				GCC_WARN_UNUSED_FUNCTION = YES;
				GCC_WARN_UNUSED_VARIABLE = YES;
				IPHONEOS_DEPLOYMENT_TARGET = 17.2;
				LOCALIZATION_PREFERS_STRING_CATALOGS = YES;
				MTL_ENABLE_DEBUG_INFO = NO;
				MTL_FAST_MATH = YES;
				SDKROOT = iphoneos;
				SWIFT_COMPILATION_MODE = wholemodule;
				VALIDATE_PRODUCT = YES;
			};
			name = Release;
		};
		CC309B892B6293A300AAFAE6 /* Debug */ = {
			isa = XCBuildConfiguration;
			buildSettings = {
				ASSETCATALOG_COMPILER_APPICON_NAME = AppIcon;
				ASSETCATALOG_COMPILER_GLOBAL_ACCENT_COLOR_NAME = AccentColor;
				CODE_SIGN_ENTITLEMENTS = Pomodoroappdata/Pomodoroappdata.entitlements;
				CODE_SIGN_STYLE = Automatic;
				CURRENT_PROJECT_VERSION = 3;
				DEVELOPMENT_ASSET_PATHS = "\"Pomodoroappdata/Preview Content\"";
				DEVELOPMENT_TEAM = P5AHP6SL3X;
				ENABLE_PREVIEWS = YES;
				GENERATE_INFOPLIST_FILE = YES;
				INFOPLIST_KEY_CFBundleDisplayName = Timely;
				INFOPLIST_KEY_LSApplicationCategoryType = "public.app-category.education";
				INFOPLIST_KEY_UIApplicationSceneManifest_Generation = YES;
				INFOPLIST_KEY_UIApplicationSupportsIndirectInputEvents = YES;
				INFOPLIST_KEY_UILaunchScreen_Generation = YES;
				INFOPLIST_KEY_UISupportedInterfaceOrientations = UIInterfaceOrientationPortrait;
				INFOPLIST_KEY_UISupportedInterfaceOrientations_iPad = "UIInterfaceOrientationLandscapeLeft UIInterfaceOrientationLandscapeRight UIInterfaceOrientationPortrait UIInterfaceOrientationPortraitUpsideDown";
				LD_RUNPATH_SEARCH_PATHS = (
					"$(inherited)",
					"@executable_path/Frameworks",
				);
				MARKETING_VERSION = 1.0.1;
				PRODUCT_BUNDLE_IDENTIFIER = "com.nice.Pomodoroapptimer-todo";
				PRODUCT_NAME = "$(TARGET_NAME)";
				SWIFT_EMIT_LOC_STRINGS = YES;
				SWIFT_VERSION = 5.0;
				TARGETED_DEVICE_FAMILY = "1,2";
			};
			name = Debug;
		};
		CC309B8A2B6293A300AAFAE6 /* Release */ = {
			isa = XCBuildConfiguration;
			buildSettings = {
				ASSETCATALOG_COMPILER_APPICON_NAME = AppIcon;
				ASSETCATALOG_COMPILER_GLOBAL_ACCENT_COLOR_NAME = AccentColor;
				CODE_SIGN_ENTITLEMENTS = Pomodoroappdata/Pomodoroappdata.entitlements;
				CODE_SIGN_STYLE = Automatic;
				CURRENT_PROJECT_VERSION = 3;
				DEVELOPMENT_ASSET_PATHS = "\"Pomodoroappdata/Preview Content\"";
				DEVELOPMENT_TEAM = P5AHP6SL3X;
				ENABLE_PREVIEWS = YES;
				GENERATE_INFOPLIST_FILE = YES;
				INFOPLIST_KEY_CFBundleDisplayName = Timely;
				INFOPLIST_KEY_LSApplicationCategoryType = "public.app-category.education";
				INFOPLIST_KEY_UIApplicationSceneManifest_Generation = YES;
				INFOPLIST_KEY_UIApplicationSupportsIndirectInputEvents = YES;
				INFOPLIST_KEY_UILaunchScreen_Generation = YES;
				INFOPLIST_KEY_UISupportedInterfaceOrientations = UIInterfaceOrientationPortrait;
				INFOPLIST_KEY_UISupportedInterfaceOrientations_iPad = "UIInterfaceOrientationLandscapeLeft UIInterfaceOrientationLandscapeRight UIInterfaceOrientationPortrait UIInterfaceOrientationPortraitUpsideDown";
				LD_RUNPATH_SEARCH_PATHS = (
					"$(inherited)",
					"@executable_path/Frameworks",
				);
				MARKETING_VERSION = 1.0.1;
				PRODUCT_BUNDLE_IDENTIFIER = "com.nice.Pomodoroapptimer-todo";
				PRODUCT_NAME = "$(TARGET_NAME)";
				SWIFT_EMIT_LOC_STRINGS = YES;
				SWIFT_VERSION = 5.0;
				TARGETED_DEVICE_FAMILY = "1,2";
			};
			name = Release;
		};
/* End XCBuildConfiguration section */

/* Begin XCConfigurationList section */
		CC309B752B6293A100AAFAE6 /* Build configuration list for PBXProject "Pomodoroappdata" */ = {
			isa = XCConfigurationList;
			buildConfigurations = (
				CC309B862B6293A300AAFAE6 /* Debug */,
				CC309B872B6293A300AAFAE6 /* Release */,
			);
			defaultConfigurationIsVisible = 0;
			defaultConfigurationName = Release;
		};
		CC309B882B6293A300AAFAE6 /* Build configuration list for PBXNativeTarget "Pomodoroappdata" */ = {
			isa = XCConfigurationList;
			buildConfigurations = (
				CC309B892B6293A300AAFAE6 /* Debug */,
				CC309B8A2B6293A300AAFAE6 /* Release */,
			);
			defaultConfigurationIsVisible = 0;
			defaultConfigurationName = Release;
		};
/* End XCConfigurationList section */

/* Begin XCRemoteSwiftPackageReference section */
		CC24E33A2B68589000F277FD /* XCRemoteSwiftPackageReference "purchases-ios" */ = {
			isa = XCRemoteSwiftPackageReference;
			repositoryURL = "https://github.com/RevenueCat/purchases-ios.git";
			requirement = {
				kind = upToNextMajorVersion;
				minimumVersion = 4.32.3;
			};
		};
/* End XCRemoteSwiftPackageReference section */

/* Begin XCSwiftPackageProductDependency section */
		CC24E33B2B68589000F277FD /* RevenueCat */ = {
			isa = XCSwiftPackageProductDependency;
			package = CC24E33A2B68589000F277FD /* XCRemoteSwiftPackageReference "purchases-ios" */;
			productName = RevenueCat;
		};
		CC24E33D2B68589000F277FD /* RevenueCatUI */ = {
			isa = XCSwiftPackageProductDependency;
			package = CC24E33A2B68589000F277FD /* XCRemoteSwiftPackageReference "purchases-ios" */;
			productName = RevenueCatUI;
		};
/* End XCSwiftPackageProductDependency section */
	};
	rootObject = CC309B722B6293A100AAFAE6 /* Project object */;
}
