// !$*UTF8*$!
{
	archiveVersion = 1;
	classes = {
	};
	objectVersion = 56;
	objects = {

/* Begin PBXBuildFile section */
		CC24E33C2B68589000F277FD /* RevenueCat in Frameworks */ = {isa = PBXBuildFile; productRef = CC24E33B2B68589000F277FD /* RevenueCat */; };
		CC24E33E2B68589000F277FD /* RevenueCatUI in Frameworks */ = {isa = PBXBuildFile; productRef = CC24E33D2B68589000F277FD /* RevenueCatUI */; };
		CC309B7E2B6293A100AAFAE6 /* PomodoroappdataApp.swift in Sources */ = {isa = PBXBuildFile; fileRef = CC309B7D2B6293A100AAFAE6 /* PomodoroappdataApp.swift */; };
		CC309B802B6293A100AAFAE6 /* ContentView.swift in Sources */ = {isa = PBXBuildFile; fileRef = CC309B7F2B6293A100AAFAE6 /* ContentView.swift */; };
		CC309B822B6293A300AAFAE6 /* Assets.xcassets in Resources */ = {isa = PBXBuildFile; fileRef = CC309B812B6293A300AAFAE6 /* Assets.xcassets */; };
		CC309B852B6293A300AAFAE6 /* Preview Assets.xcassets in Resources */ = {isa = PBXBuildFile; fileRef = CC309B842B6293A300AAFAE6 /* Preview Assets.xcassets */; };
		CC79471E2B6BD33500F6E1F1 /* menu_button.riv in Resources */ = {isa = PBXBuildFile; fileRef = CC79471D2B6BD33500F6E1F1 /* menu_button.riv */; };
		CC7947202B6BD40C00F6E1F1 /* button.riv in Resources */ = {isa = PBXBuildFile; fileRef = CC79471F2B6BD40C00F6E1F1 /* button.riv */; };
		CC7947222B6BD83500F6E1F1 /* SideMenu.swift in Sources */ = {isa = PBXBuildFile; fileRef = CC7947212B6BD83500F6E1F1 /* SideMenu.swift */; };
		CC7CB8D42B68471700ECDCEE /* RiveRuntime in Frameworks */ = {isa = PBXBuildFile; productRef = CC7CB8D32B68471700ECDCEE /* RiveRuntime */; };
		CC80EB9D2B6AF06D005DA2E1 /* TabBar.swift in Sources */ = {isa = PBXBuildFile; fileRef = CC80EB9C2B6AF06D005DA2E1 /* TabBar.swift */; };
		CC80EBA32B6AF567005DA2E1 /* RiveAssets in Resources */ = {isa = PBXBuildFile; fileRef = CC80EBA22B6AF567005DA2E1 /* RiveAssets */; };
		CC80EBA52B6AF8EB005DA2E1 /* icons.riv in Resources */ = {isa = PBXBuildFile; fileRef = CC80EBA42B6AF8EB005DA2E1 /* icons.riv */; };
		CC9CABE02B6D286A0045E20F /* SideMenuRow.swift in Sources */ = {isa = PBXBuildFile; fileRef = CC9CABDF2B6D286A0045E20F /* SideMenuRow.swift */; };
		CC9CABE32B6D2A040045E20F /* SideMenuModel.swift in Sources */ = {isa = PBXBuildFile; fileRef = CC9CABE22B6D2A040045E20F /* SideMenuModel.swift */; };
		CC9CABE52B6D2A4B0045E20F /* MenuItemModel.swift in Sources */ = {isa = PBXBuildFile; fileRef = CC9CABE42B6D2A4B0045E20F /* MenuItemModel.swift */; };
		CC9CABE72B6D2AB00045E20F /* TabBarModel.swift in Sources */ = {isa = PBXBuildFile; fileRef = CC9CABE62B6D2AB00045E20F /* TabBarModel.swift */; };
		CC9CABEA2B6D2C220045E20F /* UserSettingsView.swift in Sources */ = {isa = PBXBuildFile; fileRef = CC9CABE92B6D2C220045E20F /* UserSettingsView.swift */; };
		CCDBAB602B645FB000560AE3 /* PomodoroModel.swift in Sources */ = {isa = PBXBuildFile; fileRef = CCDBAB5F2B645FB000560AE3 /* PomodoroModel.swift */; };
		CCDBAB632B645FEC00560AE3 /* HomeView.swift in Sources */ = {isa = PBXBuildFile; fileRef = CCDBAB622B645FEC00560AE3 /* HomeView.swift */; };
/* End PBXBuildFile section */

/* Begin PBXFileReference section */
		CC309B7A2B6293A100AAFAE6 /* Pomodoroappdata.app */ = {isa = PBXFileReference; explicitFileType = wrapper.application; includeInIndex = 0; path = Pomodoroappdata.app; sourceTree = BUILT_PRODUCTS_DIR; };
		CC309B7D2B6293A100AAFAE6 /* PomodoroappdataApp.swift */ = {isa = PBXFileReference; lastKnownFileType = sourcecode.swift; path = PomodoroappdataApp.swift; sourceTree = "<group>"; };
		CC309B7F2B6293A100AAFAE6 /* ContentView.swift */ = {isa = PBXFileReference; lastKnownFileType = sourcecode.swift; path = ContentView.swift; sourceTree = "<group>"; };
		CC309B812B6293A300AAFAE6 /* Assets.xcassets */ = {isa = PBXFileReference; lastKnownFileType = folder.assetcatalog; path = Assets.xcassets; sourceTree = "<group>"; };
		CC309B842B6293A300AAFAE6 /* Preview Assets.xcassets */ = {isa = PBXFileReference; lastKnownFileType = folder.assetcatalog; path = "Preview Assets.xcassets"; sourceTree = "<group>"; };
		CC79471D2B6BD33500F6E1F1 /* menu_button.riv */ = {isa = PBXFileReference; lastKnownFileType = file; path = menu_button.riv; sourceTree = "<group>"; };
		CC79471F2B6BD40C00F6E1F1 /* button.riv */ = {isa = PBXFileReference; lastKnownFileType = file; path = button.riv; sourceTree = "<group>"; };
		CC7947212B6BD83500F6E1F1 /* SideMenu.swift */ = {isa = PBXFileReference; lastKnownFileType = sourcecode.swift; path = SideMenu.swift; sourceTree = "<group>"; };
		CC80EB9C2B6AF06D005DA2E1 /* TabBar.swift */ = {isa = PBXFileReference; lastKnownFileType = sourcecode.swift; path = TabBar.swift; sourceTree = "<group>"; };
		CC80EBA22B6AF567005DA2E1 /* RiveAssets */ = {isa = PBXFileReference; lastKnownFileType = folder; name = RiveAssets; path = ../../../Desktop/RiveAssets; sourceTree = "<group>"; };
		CC80EBA42B6AF8EB005DA2E1 /* icons.riv */ = {isa = PBXFileReference; lastKnownFileType = file; path = icons.riv; sourceTree = "<group>"; };
		CC9CABDF2B6D286A0045E20F /* SideMenuRow.swift */ = {isa = PBXFileReference; lastKnownFileType = sourcecode.swift; path = SideMenuRow.swift; sourceTree = "<group>"; };
		CC9CABE22B6D2A040045E20F /* SideMenuModel.swift */ = {isa = PBXFileReference; lastKnownFileType = sourcecode.swift; path = SideMenuModel.swift; sourceTree = "<group>"; };
		CC9CABE42B6D2A4B0045E20F /* MenuItemModel.swift */ = {isa = PBXFileReference; lastKnownFileType = sourcecode.swift; path = MenuItemModel.swift; sourceTree = "<group>"; };
		CC9CABE62B6D2AB00045E20F /* TabBarModel.swift */ = {isa = PBXFileReference; lastKnownFileType = sourcecode.swift; path = TabBarModel.swift; sourceTree = "<group>"; };
		CC9CABE92B6D2C220045E20F /* UserSettingsView.swift */ = {isa = PBXFileReference; lastKnownFileType = sourcecode.swift; path = UserSettingsView.swift; sourceTree = "<group>"; };
		CCDBAB5F2B645FB000560AE3 /* PomodoroModel.swift */ = {isa = PBXFileReference; lastKnownFileType = sourcecode.swift; path = PomodoroModel.swift; sourceTree = "<group>"; };
		CCDBAB622B645FEC00560AE3 /* HomeView.swift */ = {isa = PBXFileReference; lastKnownFileType = sourcecode.swift; path = HomeView.swift; sourceTree = "<group>"; };
/* End PBXFileReference section */

/* Begin PBXFrameworksBuildPhase section */
		CC309B772B6293A100AAFAE6 /* Frameworks */ = {
			isa = PBXFrameworksBuildPhase;
			buildActionMask = 2147483647;
			files = (
				CC24E33C2B68589000F277FD /* RevenueCat in Frameworks */,
				CC7CB8D42B68471700ECDCEE /* RiveRuntime in Frameworks */,
				CC24E33E2B68589000F277FD /* RevenueCatUI in Frameworks */,
			);
			runOnlyForDeploymentPostprocessing = 0;
		};
/* End PBXFrameworksBuildPhase section */

/* Begin PBXGroup section */
		CC309B712B6293A100AAFAE6 = {
			isa = PBXGroup;
			children = (
				CC309B7C2B6293A100AAFAE6 /* Pomodoroappdata */,
				CC309B7B2B6293A100AAFAE6 /* Products */,
			);
			sourceTree = "<group>";
		};
		CC309B7B2B6293A100AAFAE6 /* Products */ = {
			isa = PBXGroup;
			children = (
				CC309B7A2B6293A100AAFAE6 /* Pomodoroappdata.app */,
			);
			name = Products;
			sourceTree = "<group>";
		};
		CC309B7C2B6293A100AAFAE6 /* Pomodoroappdata */ = {
			isa = PBXGroup;
			children = (
				CC80EB9C2B6AF06D005DA2E1 /* TabBar.swift */,
				CC7947212B6BD83500F6E1F1 /* SideMenu.swift */,
				CC80EB9B2B6AF05C005DA2E1 /* Components */,
				CC80EB9A2B6AF047005DA2E1 /* Model */,
				CCDBAB612B645FDB00560AE3 /* Views */,
				CC309B8B2B6293D500AAFAE6 /* ViewModels */,
				CC309B7D2B6293A100AAFAE6 /* PomodoroappdataApp.swift */,
				CC309B7F2B6293A100AAFAE6 /* ContentView.swift */,
				CC309B812B6293A300AAFAE6 /* Assets.xcassets */,
				CC80EBA42B6AF8EB005DA2E1 /* icons.riv */,
				CC79471D2B6BD33500F6E1F1 /* menu_button.riv */,
				CC79471F2B6BD40C00F6E1F1 /* button.riv */,
				CC80EBA22B6AF567005DA2E1 /* RiveAssets */,
				CC309B832B6293A300AAFAE6 /* Preview Content */,
			);
			path = Pomodoroappdata;
			sourceTree = "<group>";
		};
		CC309B832B6293A300AAFAE6 /* Preview Content */ = {
			isa = PBXGroup;
			children = (
				CC309B842B6293A300AAFAE6 /* Preview Assets.xcassets */,
			);
			path = "Preview Content";
			sourceTree = "<group>";
		};
		CC309B8B2B6293D500AAFAE6 /* ViewModels */ = {
			isa = PBXGroup;
			children = (
				CCDBAB5F2B645FB000560AE3 /* PomodoroModel.swift */,
			);
			path = ViewModels;
			sourceTree = "<group>";
		};
		CC80EB9A2B6AF047005DA2E1 /* Model */ = {
			isa = PBXGroup;
			children = (
				CC9CABE12B6D29E70045E20F /* MenuModels */,
			);
			path = Model;
			sourceTree = "<group>";
		};
		CC80EB9B2B6AF05C005DA2E1 /* Components */ = {
			isa = PBXGroup;
			children = (
				CC9CABDF2B6D286A0045E20F /* SideMenuRow.swift */,
			);
			path = Components;
			sourceTree = "<group>";
		};
		CC9CABE12B6D29E70045E20F /* MenuModels */ = {
			isa = PBXGroup;
			children = (
				CC9CABE22B6D2A040045E20F /* SideMenuModel.swift */,
				CC9CABE42B6D2A4B0045E20F /* MenuItemModel.swift */,
				CC9CABE62B6D2AB00045E20F /* TabBarModel.swift */,
			);
			path = MenuModels;
			sourceTree = "<group>";
		};
		CC9CABE82B6D2C0B0045E20F /* User */ = {
			isa = PBXGroup;
			children = (
				CC9CABE92B6D2C220045E20F /* UserSettingsView.swift */,
			);
			path = User;
			sourceTree = "<group>";
		};
		CCDBAB612B645FDB00560AE3 /* Views */ = {
			isa = PBXGroup;
			children = (
				CC9CABE82B6D2C0B0045E20F /* User */,
				CCDBAB622B645FEC00560AE3 /* HomeView.swift */,
			);
			path = Views;
			sourceTree = "<group>";
		};
/* End PBXGroup section */

/* Begin PBXNativeTarget section */
		CC309B792B6293A100AAFAE6 /* Pomodoroappdata */ = {
			isa = PBXNativeTarget;
			buildConfigurationList = CC309B882B6293A300AAFAE6 /* Build configuration list for PBXNativeTarget "Pomodoroappdata" */;
			buildPhases = (
				CC309B762B6293A100AAFAE6 /* Sources */,
				CC309B772B6293A100AAFAE6 /* Frameworks */,
				CC309B782B6293A100AAFAE6 /* Resources */,
			);
			buildRules = (
			);
			dependencies = (
			);
			name = Pomodoroappdata;
			packageProductDependencies = (
				CC7CB8D32B68471700ECDCEE /* RiveRuntime */,
				CC24E33B2B68589000F277FD /* RevenueCat */,
				CC24E33D2B68589000F277FD /* RevenueCatUI */,
			);
			productName = Pomodoroappdata;
			productReference = CC309B7A2B6293A100AAFAE6 /* Pomodoroappdata.app */;
			productType = "com.apple.product-type.application";
		};
/* End PBXNativeTarget section */

/* Begin PBXProject section */
		CC309B722B6293A100AAFAE6 /* Project object */ = {
			isa = PBXProject;
			attributes = {
				BuildIndependentTargetsInParallel = 1;
				LastSwiftUpdateCheck = 1520;
				LastUpgradeCheck = 1520;
				TargetAttributes = {
					CC309B792B6293A100AAFAE6 = {
						CreatedOnToolsVersion = 15.2;
					};
				};
			};
			buildConfigurationList = CC309B752B6293A100AAFAE6 /* Build configuration list for PBXProject "Pomodoroappdata" */;
			compatibilityVersion = "Xcode 14.0";
			developmentRegion = en;
			hasScannedForEncodings = 0;
			knownRegions = (
				en,
				Base,
			);
			mainGroup = CC309B712B6293A100AAFAE6;
			packageReferences = (
				CC7CB8D22B68471700ECDCEE /* XCRemoteSwiftPackageReference "rive-ios" */,
				CC24E33A2B68589000F277FD /* XCRemoteSwiftPackageReference "purchases-ios" */,
			);
			productRefGroup = CC309B7B2B6293A100AAFAE6 /* Products */;
			projectDirPath = "";
			projectRoot = "";
			targets = (
				CC309B792B6293A100AAFAE6 /* Pomodoroappdata */,
			);
		};
/* End PBXProject section */

/* Begin PBXResourcesBuildPhase section */
		CC309B782B6293A100AAFAE6 /* Resources */ = {
			isa = PBXResourcesBuildPhase;
			buildActionMask = 2147483647;
			files = (
				CC80EBA52B6AF8EB005DA2E1 /* icons.riv in Resources */,
				CC309B852B6293A300AAFAE6 /* Preview Assets.xcassets in Resources */,
				CC309B822B6293A300AAFAE6 /* Assets.xcassets in Resources */,
				CC7947202B6BD40C00F6E1F1 /* button.riv in Resources */,
				CC80EBA32B6AF567005DA2E1 /* RiveAssets in Resources */,
				CC79471E2B6BD33500F6E1F1 /* menu_button.riv in Resources */,
			);
			runOnlyForDeploymentPostprocessing = 0;
		};
/* End PBXResourcesBuildPhase section */

/* Begin PBXSourcesBuildPhase section */
		CC309B762B6293A100AAFAE6 /* Sources */ = {
			isa = PBXSourcesBuildPhase;
			buildActionMask = 2147483647;
			files = (
				CCDBAB602B645FB000560AE3 /* PomodoroModel.swift in Sources */,
				CC9CABE32B6D2A040045E20F /* SideMenuModel.swift in Sources */,
				CC9CABE52B6D2A4B0045E20F /* MenuItemModel.swift in Sources */,
				CCDBAB632B645FEC00560AE3 /* HomeView.swift in Sources */,
				CC309B802B6293A100AAFAE6 /* ContentView.swift in Sources */,
				CC9CABEA2B6D2C220045E20F /* UserSettingsView.swift in Sources */,
				CC7947222B6BD83500F6E1F1 /* SideMenu.swift in Sources */,
				CC309B7E2B6293A100AAFAE6 /* PomodoroappdataApp.swift in Sources */,
				CC9CABE02B6D286A0045E20F /* SideMenuRow.swift in Sources */,
				CC80EB9D2B6AF06D005DA2E1 /* TabBar.swift in Sources */,
				CC9CABE72B6D2AB00045E20F /* TabBarModel.swift in Sources */,
			);
			runOnlyForDeploymentPostprocessing = 0;
		};
/* End PBXSourcesBuildPhase section */

/* Begin XCBuildConfiguration section */
		CC309B862B6293A300AAFAE6 /* Debug */ = {
			isa = XCBuildConfiguration;
			buildSettings = {
				ALWAYS_SEARCH_USER_PATHS = NO;
				ASSETCATALOG_COMPILER_GENERATE_SWIFT_ASSET_SYMBOL_EXTENSIONS = YES;
				CLANG_ANALYZER_NONNULL = YES;
				CLANG_ANALYZER_NUMBER_OBJECT_CONVERSION = YES_AGGRESSIVE;
				CLANG_CXX_LANGUAGE_STANDARD = "gnu++20";
				CLANG_ENABLE_MODULES = YES;
				CLANG_ENABLE_OBJC_ARC = YES;
				CLANG_ENABLE_OBJC_WEAK = YES;
				CLANG_WARN_BLOCK_CAPTURE_AUTORELEASING = YES;
				CLANG_WARN_BOOL_CONVERSION = YES;
				CLANG_WARN_COMMA = YES;
				CLANG_WARN_CONSTANT_CONVERSION = YES;
				CLANG_WARN_DEPRECATED_OBJC_IMPLEMENTATIONS = YES;
				CLANG_WARN_DIRECT_OBJC_ISA_USAGE = YES_ERROR;
				CLANG_WARN_DOCUMENTATION_COMMENTS = YES;
				CLANG_WARN_EMPTY_BODY = YES;
				CLANG_WARN_ENUM_CONVERSION = YES;
				CLANG_WARN_INFINITE_RECURSION = YES;
				CLANG_WARN_INT_CONVERSION = YES;
				CLANG_WARN_NON_LITERAL_NULL_CONVERSION = YES;
				CLANG_WARN_OBJC_IMPLICIT_RETAIN_SELF = YES;
				CLANG_WARN_OBJC_LITERAL_CONVERSION = YES;
				CLANG_WARN_OBJC_ROOT_CLASS = YES_ERROR;
				CLANG_WARN_QUOTED_INCLUDE_IN_FRAMEWORK_HEADER = YES;
				CLANG_WARN_RANGE_LOOP_ANALYSIS = YES;
				CLANG_WARN_STRICT_PROTOTYPES = YES;
				CLANG_WARN_SUSPICIOUS_MOVE = YES;
				CLANG_WARN_UNGUARDED_AVAILABILITY = YES_AGGRESSIVE;
				CLANG_WARN_UNREACHABLE_CODE = YES;
				CLANG_WARN__DUPLICATE_METHOD_MATCH = YES;
				COPY_PHASE_STRIP = NO;
				DEBUG_INFORMATION_FORMAT = dwarf;
				ENABLE_STRICT_OBJC_MSGSEND = YES;
				ENABLE_TESTABILITY = YES;
				ENABLE_USER_SCRIPT_SANDBOXING = YES;
				GCC_C_LANGUAGE_STANDARD = gnu17;
				GCC_DYNAMIC_NO_PIC = NO;
				GCC_NO_COMMON_BLOCKS = YES;
				GCC_OPTIMIZATION_LEVEL = 0;
				GCC_PREPROCESSOR_DEFINITIONS = (
					"DEBUG=1",
					"$(inherited)",
				);
				GCC_WARN_64_TO_32_BIT_CONVERSION = YES;
				GCC_WARN_ABOUT_RETURN_TYPE = YES_ERROR;
				GCC_WARN_UNDECLARED_SELECTOR = YES;
				GCC_WARN_UNINITIALIZED_AUTOS = YES_AGGRESSIVE;
				GCC_WARN_UNUSED_FUNCTION = YES;
				GCC_WARN_UNUSED_VARIABLE = YES;
				IPHONEOS_DEPLOYMENT_TARGET = 17.2;
				LOCALIZATION_PREFERS_STRING_CATALOGS = YES;
				MTL_ENABLE_DEBUG_INFO = INCLUDE_SOURCE;
				MTL_FAST_MATH = YES;
				ONLY_ACTIVE_ARCH = YES;
				SDKROOT = iphoneos;
				SWIFT_ACTIVE_COMPILATION_CONDITIONS = "DEBUG $(inherited)";
				SWIFT_OPTIMIZATION_LEVEL = "-Onone";
			};
			name = Debug;
		};
		CC309B872B6293A300AAFAE6 /* Release */ = {
			isa = XCBuildConfiguration;
			buildSettings = {
				ALWAYS_SEARCH_USER_PATHS = NO;
				ASSETCATALOG_COMPILER_GENERATE_SWIFT_ASSET_SYMBOL_EXTENSIONS = YES;
				CLANG_ANALYZER_NONNULL = YES;
				CLANG_ANALYZER_NUMBER_OBJECT_CONVERSION = YES_AGGRESSIVE;
				CLANG_CXX_LANGUAGE_STANDARD = "gnu++20";
				CLANG_ENABLE_MODULES = YES;
				CLANG_ENABLE_OBJC_ARC = YES;
				CLANG_ENABLE_OBJC_WEAK = YES;
				CLANG_WARN_BLOCK_CAPTURE_AUTORELEASING = YES;
				CLANG_WARN_BOOL_CONVERSION = YES;
				CLANG_WARN_COMMA = YES;
				CLANG_WARN_CONSTANT_CONVERSION = YES;
				CLANG_WARN_DEPRECATED_OBJC_IMPLEMENTATIONS = YES;
				CLANG_WARN_DIRECT_OBJC_ISA_USAGE = YES_ERROR;
				CLANG_WARN_DOCUMENTATION_COMMENTS = YES;
				CLANG_WARN_EMPTY_BODY = YES;
				CLANG_WARN_ENUM_CONVERSION = YES;
				CLANG_WARN_INFINITE_RECURSION = YES;
				CLANG_WARN_INT_CONVERSION = YES;
				CLANG_WARN_NON_LITERAL_NULL_CONVERSION = YES;
				CLANG_WARN_OBJC_IMPLICIT_RETAIN_SELF = YES;
				CLANG_WARN_OBJC_LITERAL_CONVERSION = YES;
				CLANG_WARN_OBJC_ROOT_CLASS = YES_ERROR;
				CLANG_WARN_QUOTED_INCLUDE_IN_FRAMEWORK_HEADER = YES;
				CLANG_WARN_RANGE_LOOP_ANALYSIS = YES;
				CLANG_WARN_STRICT_PROTOTYPES = YES;
				CLANG_WARN_SUSPICIOUS_MOVE = YES;
				CLANG_WARN_UNGUARDED_AVAILABILITY = YES_AGGRESSIVE;
				CLANG_WARN_UNREACHABLE_CODE = YES;
				CLANG_WARN__DUPLICATE_METHOD_MATCH = YES;
				COPY_PHASE_STRIP = NO;
				DEBUG_INFORMATION_FORMAT = "dwarf-with-dsym";
				ENABLE_NS_ASSERTIONS = NO;
				ENABLE_STRICT_OBJC_MSGSEND = YES;
				ENABLE_USER_SCRIPT_SANDBOXING = YES;
				GCC_C_LANGUAGE_STANDARD = gnu17;
				GCC_NO_COMMON_BLOCKS = YES;
				GCC_WARN_64_TO_32_BIT_CONVERSION = YES;
				GCC_WARN_ABOUT_RETURN_TYPE = YES_ERROR;
				GCC_WARN_UNDECLARED_SELECTOR = YES;
				GCC_WARN_UNINITIALIZED_AUTOS = YES_AGGRESSIVE;
				GCC_WARN_UNUSED_FUNCTION = YES;
				GCC_WARN_UNUSED_VARIABLE = YES;
				IPHONEOS_DEPLOYMENT_TARGET = 17.2;
				LOCALIZATION_PREFERS_STRING_CATALOGS = YES;
				MTL_ENABLE_DEBUG_INFO = NO;
				MTL_FAST_MATH = YES;
				SDKROOT = iphoneos;
				SWIFT_COMPILATION_MODE = wholemodule;
				VALIDATE_PRODUCT = YES;
			};
			name = Release;
		};
		CC309B892B6293A300AAFAE6 /* Debug */ = {
			isa = XCBuildConfiguration;
			buildSettings = {
				ASSETCATALOG_COMPILER_APPICON_NAME = AppIcon;
				ASSETCATALOG_COMPILER_GLOBAL_ACCENT_COLOR_NAME = AccentColor;
				CODE_SIGN_STYLE = Automatic;
				CURRENT_PROJECT_VERSION = 3;
				DEVELOPMENT_ASSET_PATHS = "\"Pomodoroappdata/Preview Content\"";
				DEVELOPMENT_TEAM = P5AHP6SL3X;
				ENABLE_PREVIEWS = YES;
				GENERATE_INFOPLIST_FILE = YES;
				INFOPLIST_KEY_CFBundleDisplayName = Timely;
				INFOPLIST_KEY_LSApplicationCategoryType = "public.app-category.education";
				INFOPLIST_KEY_UIApplicationSceneManifest_Generation = YES;
				INFOPLIST_KEY_UIApplicationSupportsIndirectInputEvents = YES;
				INFOPLIST_KEY_UILaunchScreen_Generation = YES;
				INFOPLIST_KEY_UISupportedInterfaceOrientations_iPad = "UIInterfaceOrientationPortrait UIInterfaceOrientationPortraitUpsideDown UIInterfaceOrientationLandscapeLeft UIInterfaceOrientationLandscapeRight";
				INFOPLIST_KEY_UISupportedInterfaceOrientations_iPhone = "UIInterfaceOrientationPortrait UIInterfaceOrientationLandscapeLeft UIInterfaceOrientationLandscapeRight";
				LD_RUNPATH_SEARCH_PATHS = (
					"$(inherited)",
					"@executable_path/Frameworks",
				);
				MARKETING_VERSION = 1.0;
				PRODUCT_BUNDLE_IDENTIFIER = "com.nice.Pomodoroapptimer-todo";
				PRODUCT_NAME = "$(TARGET_NAME)";
				SWIFT_EMIT_LOC_STRINGS = YES;
				SWIFT_VERSION = 5.0;
				TARGETED_DEVICE_FAMILY = "1,2";
			};
			name = Debug;
		};
		CC309B8A2B6293A300AAFAE6 /* Release */ = {
			isa = XCBuildConfiguration;
			buildSettings = {
				ASSETCATALOG_COMPILER_APPICON_NAME = AppIcon;
				ASSETCATALOG_COMPILER_GLOBAL_ACCENT_COLOR_NAME = AccentColor;
				CODE_SIGN_STYLE = Automatic;
				CURRENT_PROJECT_VERSION = 3;
				DEVELOPMENT_ASSET_PATHS = "\"Pomodoroappdata/Preview Content\"";
				DEVELOPMENT_TEAM = P5AHP6SL3X;
				ENABLE_PREVIEWS = YES;
				GENERATE_INFOPLIST_FILE = YES;
				INFOPLIST_KEY_CFBundleDisplayName = Timely;
				INFOPLIST_KEY_LSApplicationCategoryType = "public.app-category.education";
				INFOPLIST_KEY_UIApplicationSceneManifest_Generation = YES;
				INFOPLIST_KEY_UIApplicationSupportsIndirectInputEvents = YES;
				INFOPLIST_KEY_UILaunchScreen_Generation = YES;
				INFOPLIST_KEY_UISupportedInterfaceOrientations_iPad = "UIInterfaceOrientationPortrait UIInterfaceOrientationPortraitUpsideDown UIInterfaceOrientationLandscapeLeft UIInterfaceOrientationLandscapeRight";
				INFOPLIST_KEY_UISupportedInterfaceOrientations_iPhone = "UIInterfaceOrientationPortrait UIInterfaceOrientationLandscapeLeft UIInterfaceOrientationLandscapeRight";
				LD_RUNPATH_SEARCH_PATHS = (
					"$(inherited)",
					"@executable_path/Frameworks",
				);
				MARKETING_VERSION = 1.0;
				PRODUCT_BUNDLE_IDENTIFIER = "com.nice.Pomodoroapptimer-todo";
				PRODUCT_NAME = "$(TARGET_NAME)";
				SWIFT_EMIT_LOC_STRINGS = YES;
				SWIFT_VERSION = 5.0;
				TARGETED_DEVICE_FAMILY = "1,2";
			};
			name = Release;
		};
/* End XCBuildConfiguration section */

/* Begin XCConfigurationList section */
		CC309B752B6293A100AAFAE6 /* Build configuration list for PBXProject "Pomodoroappdata" */ = {
			isa = XCConfigurationList;
			buildConfigurations = (
				CC309B862B6293A300AAFAE6 /* Debug */,
				CC309B872B6293A300AAFAE6 /* Release */,
			);
			defaultConfigurationIsVisible = 0;
			defaultConfigurationName = Release;
		};
		CC309B882B6293A300AAFAE6 /* Build configuration list for PBXNativeTarget "Pomodoroappdata" */ = {
			isa = XCConfigurationList;
			buildConfigurations = (
				CC309B892B6293A300AAFAE6 /* Debug */,
				CC309B8A2B6293A300AAFAE6 /* Release */,
			);
			defaultConfigurationIsVisible = 0;
			defaultConfigurationName = Release;
		};
/* End XCConfigurationList section */

/* Begin XCRemoteSwiftPackageReference section */
		CC24E33A2B68589000F277FD /* XCRemoteSwiftPackageReference "purchases-ios" */ = {
			isa = XCRemoteSwiftPackageReference;
			repositoryURL = "https://github.com/RevenueCat/purchases-ios.git";
			requirement = {
				kind = upToNextMajorVersion;
				minimumVersion = 4.32.3;
			};
		};
		CC7CB8D22B68471700ECDCEE /* XCRemoteSwiftPackageReference "rive-ios" */ = {
			isa = XCRemoteSwiftPackageReference;
			repositoryURL = "https://github.com/rive-app/rive-ios";
			requirement = {
				kind = upToNextMajorVersion;
				minimumVersion = 5.7.1;
			};
		};
/* End XCRemoteSwiftPackageReference section */

/* Begin XCSwiftPackageProductDependency section */
		CC24E33B2B68589000F277FD /* RevenueCat */ = {
			isa = XCSwiftPackageProductDependency;
			package = CC24E33A2B68589000F277FD /* XCRemoteSwiftPackageReference "purchases-ios" */;
			productName = RevenueCat;
		};
		CC24E33D2B68589000F277FD /* RevenueCatUI */ = {
			isa = XCSwiftPackageProductDependency;
			package = CC24E33A2B68589000F277FD /* XCRemoteSwiftPackageReference "purchases-ios" */;
			productName = RevenueCatUI;
		};
		CC7CB8D32B68471700ECDCEE /* RiveRuntime */ = {
			isa = XCSwiftPackageProductDependency;
			package = CC7CB8D22B68471700ECDCEE /* XCRemoteSwiftPackageReference "rive-ios" */;
			productName = RiveRuntime;
		};
/* End XCSwiftPackageProductDependency section */
	};
	rootObject = CC309B722B6293A100AAFAE6 /* Project object */;
}
