{
  "originHash" : "92046cd5b2f2281033576764770b7a11ca088b9ebaf1f5b30fe730e9dc26f50e",
  "pins" : [
    {
      "identity" : "purchases-ios",
      "kind" : "remoteSourceControl",
      "location" : "https://github.com/RevenueCat/purchases-ios.git",
      "state" : {
        "revision" : "e1c6a514dc49a1c5e22d989ab4d7bca00e361098",
        "version" : "4.32.3"
      }
    }
  ],
  "version" : 3
}
